
Microsoft Visual Studio Solution File, Format Version 12.00
# Visual Studio 15
VisualStudioVersion = 15.0.27130.2027
MinimumVisualStudioVersion = 10.0.40219.1
Project("{FAE04EC0-301F-11D3-BF4B-00C04F79EFBC}") = "GameStore.Domain", "GameStore.Domain\GameStore.Domain.csproj", "{06B69FD6-6F8D-4F4D-9E2B-61D56B88CF40}"
EndProject
Project("{FAE04EC0-301F-11D3-BF4B-00C04F79EFBC}") = "GameStore.WebUI", "GameStore.WebUI\GameStore.WebUI.csproj", "{2DC3CD59-5A73-4EFE-9616-A7B4F7C8A95F}"
EndProject
Project("{FAE04EC0-301F-11D3-BF4B-00C04F79EFBC}") = "GameStore.UnitTests", "GameStore.UnitTests\GameStore.UnitTests.csproj", "{12A24E0C-EBD8-4E25-97BC-45B3570A9583}"
EndProject
Project("{FAE04EC0-301F-11D3-BF4B-00C04F79EFBC}") = "ConsoleApp1", "ConsoleApp1\ConsoleApp1.csproj", "{4635154C-37DD-4677-A776-4D2887AD2249}"
EndProject
Global
	GlobalSection(SolutionConfigurationPlatforms) = preSolution
		Debug|Any CPU = Debug|Any CPU
		Release|Any CPU = Release|Any CPU
	EndGlobalSection
	GlobalSection(ProjectConfigurationPlatforms) = postSolution
		{06B69FD6-6F8D-4F4D-9E2B-61D56B88CF40}.Debug|Any CPU.ActiveCfg = Debug|Any CPU
		{06B69FD6-6F8D-4F4D-9E2B-61D56B88CF40}.Debug|Any CPU.Build.0 = Debug|Any CPU
		{06B69FD6-6F8D-4F4D-9E2B-61D56B88CF40}.Release|Any CPU.ActiveCfg = Release|Any CPU
		{06B69FD6-6F8D-4F4D-9E2B-61D56B88CF40}.Release|Any CPU.Build.0 = Release|Any CPU
		{2DC3CD59-5A73-4EFE-9616-A7B4F7C8A95F}.Debug|Any CPU.ActiveCfg = Debug|Any CPU
		{2DC3CD59-5A73-4EFE-9616-A7B4F7C8A95F}.Debug|Any CPU.Build.0 = Debug|Any CPU
		{2DC3CD59-5A73-4EFE-9616-A7B4F7C8A95F}.Release|Any CPU.ActiveCfg = Release|Any CPU
		{2DC3CD59-5A73-4EFE-9616-A7B4F7C8A95F}.Release|Any CPU.Build.0 = Release|Any CPU
		{12A24E0C-EBD8-4E25-97BC-45B3570A9583}.Debug|Any CPU.ActiveCfg = Debug|Any CPU
		{12A24E0C-EBD8-4E25-97BC-45B3570A9583}.Debug|Any CPU.Build.0 = Debug|Any CPU
		{12A24E0C-EBD8-4E25-97BC-45B3570A9583}.Release|Any CPU.ActiveCfg = Release|Any CPU
		{12A24E0C-EBD8-4E25-97BC-45B3570A9583}.Release|Any CPU.Build.0 = Release|Any CPU
		{4635154C-37DD-4677-A776-4D2887AD2249}.Debug|Any CPU.ActiveCfg = Debug|Any CPU
		{4635154C-37DD-4677-A776-4D2887AD2249}.Debug|Any CPU.Build.0 = Debug|Any CPU
		{4635154C-37DD-4677-A776-4D2887AD2249}.Release|Any CPU.ActiveCfg = Release|Any CPU
		{4635154C-37DD-4677-A776-4D2887AD2249}.Release|Any CPU.Build.0 = Release|Any CPU
	EndGlobalSection
	GlobalSection(SolutionProperties) = preSolution
		HideSolutionNode = FALSE
	EndGlobalSection
	GlobalSection(ExtensibilityGlobals) = postSolution
		SolutionGuid = {4A071DEF-D2BA-4CD3-BE7B-99680F963CF2}
	EndGlobalSection
EndGlobal
